
Microsoft Visual Studio Solution File, Format Version 12.00
# Visual Studio Version 17
VisualStudioVersion = 17.6.33829.357
MinimumVisualStudioVersion = 10.0.40219.1
Project("{FAE04EC0-301F-11D3-BF4B-00C04F79EFBC}") = "Person", "Person.csproj", "{C783FD25-9FB6-490C-92D4-B604F6CB676D}"
EndProject
Global
	GlobalSection(SolutionConfigurationPlatforms) = preSolution
		Debug|Any CPU = Debug|Any CPU
		Release|Any CPU = Release|Any CPU
	EndGlobalSection
	GlobalSection(ProjectConfigurationPlatforms) = postSolution
		{C783FD25-9FB6-490C-92D4-B604F6CB676D}.Debug|Any CPU.ActiveCfg = Debug|Any CPU
		{C783FD25-9FB6-490C-92D4-B604F6CB676D}.Debug|Any CPU.Build.0 = Debug|Any CPU
		{C783FD25-9FB6-490C-92D4-B604F6CB676D}.Release|Any CPU.ActiveCfg = Release|Any CPU
		{C783FD25-9FB6-490C-92D4-B604F6CB676D}.Release|Any CPU.Build.0 = Release|Any CPU
	EndGlobalSection
	GlobalSection(SolutionProperties) = preSolution
		HideSolutionNode = FALSE
	EndGlobalSection
	GlobalSection(ExtensibilityGlobals) = postSolution
		SolutionGuid = {2F32F001-E095-40BD-9FA2-194D6040CC21}
	EndGlobalSection
EndGlobal
